{
  "name": "jp-immersion-audit",
  "version": "1.0.0",
  "lockfileVersion": 3,
  "requires": true,
  "packages": {
    "": {
      "name": "jp-immersion-audit",
      "version": "1.0.0",
      "dependencies": {
        "lindera-wasm-unidic": "^2.1.0"
      }
    },
    "node_modules/lindera-wasm-unidic": {
      "version": "2.1.0",
      "resolved": "https://registry.npmjs.org/lindera-wasm-unidic/-/lindera-wasm-unidic-2.1.0.tgz",
      "integrity": "sha512-8QuGiY2to3PjguifH6WPpB8RA3h9b9HEB7ngVBnTMjgARKz1mYP/go6q1jRBG25fBRY/hCwkth28x+CEbiLNCg==",
      "license": "MIT"
    }
  }
}
